
Microsoft Visual Studio Solution File, Format Version 12.00
# Visual Studio 15
VisualStudioVersion = 15.0.27130.2036
MinimumVisualStudioVersion = 10.0.40219.1
Project("{FAE04EC0-301F-11D3-BF4B-00C04F79EFBC}") = "ComicBookLibraryManager", "ComicBookLibraryManager\ComicBookLibraryManager.csproj", "{D30BE089-4B9E-4532-ABE8-5F33EF03C585}"
EndProject
Project("{FAE04EC0-301F-11D3-BF4B-00C04F79EFBC}") = "ComicBookShared", "ComicBookShared\ComicBookShared.csproj", "{23DB7EE4-655B-463C-ABFB-0A2421B50EFC}"
EndProject
Project("{FAE04EC0-301F-11D3-BF4B-00C04F79EFBC}") = "ComicBookLibraryManagerWebApp", "ComicBookLibraryManagerWebApp\ComicBookLibraryManagerWebApp.csproj", "{2C03AF89-45CA-42A9-8762-F865C9DE5F14}"
EndProject
Project("{FAE04EC0-301F-11D3-BF4B-00C04F79EFBC}") = "DataStructuresTest", "DataStructuresTest\DataStructuresTest.csproj", "{FCF6BCDE-C3C0-484A-BE05-7252838E28B0}"
EndProject
Project("{FAE04EC0-301F-11D3-BF4B-00C04F79EFBC}") = "LINQ Test", "LINQ Test\LINQ Test.csproj", "{DED77666-7AE5-4FB7-A363-D7F527ED0E26}"
EndProject
Project("{FAE04EC0-301F-11D3-BF4B-00C04F79EFBC}") = "BirdWatcher", "BirdWatcher\BirdWatcher.csproj", "{DBD0E01F-07FE-4EBF-B990-72843E6EFBC4}"
EndProject
Project("{FAE04EC0-301F-11D3-BF4B-00C04F79EFBC}") = "SimpleBirdRepository", "SimpleBirdRepository\SimpleBirdRepository.csproj", "{70B118E4-696B-465F-8031-570E1A1B6395}"
EndProject
Project("{FAE04EC0-301F-11D3-BF4B-00C04F79EFBC}") = "StreamsTest", "StreamsTest\StreamsTest.csproj", "{9ED943F1-E352-4664-BA3F-94DD14229E21}"
EndProject
Global
	GlobalSection(SolutionConfigurationPlatforms) = preSolution
		Debug|Any CPU = Debug|Any CPU
		Release|Any CPU = Release|Any CPU
	EndGlobalSection
	GlobalSection(ProjectConfigurationPlatforms) = postSolution
		{D30BE089-4B9E-4532-ABE8-5F33EF03C585}.Debug|Any CPU.ActiveCfg = Debug|Any CPU
		{D30BE089-4B9E-4532-ABE8-5F33EF03C585}.Debug|Any CPU.Build.0 = Debug|Any CPU
		{D30BE089-4B9E-4532-ABE8-5F33EF03C585}.Release|Any CPU.ActiveCfg = Release|Any CPU
		{D30BE089-4B9E-4532-ABE8-5F33EF03C585}.Release|Any CPU.Build.0 = Release|Any CPU
		{23DB7EE4-655B-463C-ABFB-0A2421B50EFC}.Debug|Any CPU.ActiveCfg = Debug|Any CPU
		{23DB7EE4-655B-463C-ABFB-0A2421B50EFC}.Debug|Any CPU.Build.0 = Debug|Any CPU
		{23DB7EE4-655B-463C-ABFB-0A2421B50EFC}.Release|Any CPU.ActiveCfg = Release|Any CPU
		{23DB7EE4-655B-463C-ABFB-0A2421B50EFC}.Release|Any CPU.Build.0 = Release|Any CPU
		{2C03AF89-45CA-42A9-8762-F865C9DE5F14}.Debug|Any CPU.ActiveCfg = Debug|Any CPU
		{2C03AF89-45CA-42A9-8762-F865C9DE5F14}.Debug|Any CPU.Build.0 = Debug|Any CPU
		{2C03AF89-45CA-42A9-8762-F865C9DE5F14}.Release|Any CPU.ActiveCfg = Release|Any CPU
		{2C03AF89-45CA-42A9-8762-F865C9DE5F14}.Release|Any CPU.Build.0 = Release|Any CPU
		{FCF6BCDE-C3C0-484A-BE05-7252838E28B0}.Debug|Any CPU.ActiveCfg = Debug|Any CPU
		{FCF6BCDE-C3C0-484A-BE05-7252838E28B0}.Debug|Any CPU.Build.0 = Debug|Any CPU
		{FCF6BCDE-C3C0-484A-BE05-7252838E28B0}.Release|Any CPU.ActiveCfg = Release|Any CPU
		{FCF6BCDE-C3C0-484A-BE05-7252838E28B0}.Release|Any CPU.Build.0 = Release|Any CPU
		{DED77666-7AE5-4FB7-A363-D7F527ED0E26}.Debug|Any CPU.ActiveCfg = Debug|Any CPU
		{DED77666-7AE5-4FB7-A363-D7F527ED0E26}.Debug|Any CPU.Build.0 = Debug|Any CPU
		{DED77666-7AE5-4FB7-A363-D7F527ED0E26}.Release|Any CPU.ActiveCfg = Release|Any CPU
		{DED77666-7AE5-4FB7-A363-D7F527ED0E26}.Release|Any CPU.Build.0 = Release|Any CPU
		{DBD0E01F-07FE-4EBF-B990-72843E6EFBC4}.Debug|Any CPU.ActiveCfg = Debug|Any CPU
		{DBD0E01F-07FE-4EBF-B990-72843E6EFBC4}.Debug|Any CPU.Build.0 = Debug|Any CPU
		{DBD0E01F-07FE-4EBF-B990-72843E6EFBC4}.Release|Any CPU.ActiveCfg = Release|Any CPU
		{DBD0E01F-07FE-4EBF-B990-72843E6EFBC4}.Release|Any CPU.Build.0 = Release|Any CPU
		{70B118E4-696B-465F-8031-570E1A1B6395}.Debug|Any CPU.ActiveCfg = Debug|Any CPU
		{70B118E4-696B-465F-8031-570E1A1B6395}.Debug|Any CPU.Build.0 = Debug|Any CPU
		{70B118E4-696B-465F-8031-570E1A1B6395}.Release|Any CPU.ActiveCfg = Release|Any CPU
		{70B118E4-696B-465F-8031-570E1A1B6395}.Release|Any CPU.Build.0 = Release|Any CPU
		{9ED943F1-E352-4664-BA3F-94DD14229E21}.Debug|Any CPU.ActiveCfg = Debug|Any CPU
		{9ED943F1-E352-4664-BA3F-94DD14229E21}.Debug|Any CPU.Build.0 = Debug|Any CPU
		{9ED943F1-E352-4664-BA3F-94DD14229E21}.Release|Any CPU.ActiveCfg = Release|Any CPU
		{9ED943F1-E352-4664-BA3F-94DD14229E21}.Release|Any CPU.Build.0 = Release|Any CPU
	EndGlobalSection
	GlobalSection(SolutionProperties) = preSolution
		HideSolutionNode = FALSE
	EndGlobalSection
	GlobalSection(ExtensibilityGlobals) = postSolution
		SolutionGuid = {5DBEF5D7-4A24-4734-BB4B-B004B378BE48}
	EndGlobalSection
EndGlobal
